# This file was autogenerated by Stack.
# You should not edit this file by hand.
# For more information, please see the documentation at:
#   https://docs.haskellstack.org/en/stable/lock_files

packages:
- completed:
    hackage: random-1.2.0@sha256:3337fb944048b49ada7ac70771e9040382da8dcc7058570dd6835af5cc40b822,6094
    pantry-tree:
      size: 1259
      sha256: 8fa9df706e83077a3fd5a764c10bca1afa8097a87ad15c213ee6c259e3a0b1f6
  original:
    hackage: random-1.2.0@sha256:3337fb944048b49ada7ac70771e9040382da8dcc7058570dd6835af5cc40b822,6094
snapshots:
- completed:
    size: 563103
    url: https://raw.githubusercontent.com/commercialhaskell/stackage-snapshots/master/lts/17/4.yaml
    sha256: f11e2153044f5f71ea7b1c9398f4721f517c9bd37642ed769647b896564021f3
  original:
    url: https://raw.githubusercontent.com/commercialhaskell/stackage-snapshots/master/lts/17/4.yaml
